{
  "nodes": {
    "c": {
      "inputs": {
        "nixpkgs": [
          "nixpkgs"
        ]
      },
      "locked": {
        "path": "./shells/c",
        "type": "path"
      },
      "original": {
        "path": "./shells/c",
        "type": "path"
      },
      "parent": []
    },
    "nixpkgs": {
      "locked": {
        "lastModified": 1764836381,
        "narHash": "sha256-8jemYbbW9EBttQKHep7Rj8kzXaxsrk/lACdXA2DN5Xk=",
        "owner": "NixOS",
        "repo": "nixpkgs",
        "rev": "ff06bd3398fb1bea6c937039ece7e7c8aa396ebf",
        "type": "github"
      },
      "original": {
        "owner": "NixOS",
        "ref": "nixos-25.05",
        "repo": "nixpkgs",
        "type": "github"
      }
    },
    "python": {
      "inputs": {
        "nixpkgs": [
          "nixpkgs"
        ]
      },
      "locked": {
        "path": "./shells/python",
        "type": "path"
      },
      "original": {
        "path": "./shells/python",
        "type": "path"
      },
      "parent": []
    },
    "root": {
      "inputs": {
        "c": "c",
        "nixpkgs": "nixpkgs",
        "python": "python",
        "rust": "rust"
      }
    },
    "rust": {
      "inputs": {
        "nixpkgs": [
          "nixpkgs"
        ]
      },
      "locked": {
        "path": "./shells/rust",
        "type": "path"
      },
      "original": {
        "path": "./shells/rust",
        "type": "path"
      },
      "parent": []
    }
  },
  "root": "root",
  "version": 7
}
